
Microsoft Visual Studio Solution File, Format Version 12.00
# Visual Studio 14
VisualStudioVersion = 14.0.25420.1
MinimumVisualStudioVersion = 10.0.40219.1
Project("{FAE04EC0-301F-11D3-BF4B-00C04F79EFBC}") = "Reinforced.Stroke", "Reinforced.Stroke\Reinforced.Stroke.csproj", "{FBC5C351-A16D-4568-813B-6265DEFDE565}"
EndProject
Project("{FAE04EC0-301F-11D3-BF4B-00C04F79EFBC}") = "Reinforced.Stroke.Demo", "Reinforced.Stroke.Demo\Reinforced.Stroke.Demo.csproj", "{FACCD983-313A-4CC0-816F-60016C2CF4DB}"
EndProject
Global
	GlobalSection(SolutionConfigurationPlatforms) = preSolution
		Debug|Any CPU = Debug|Any CPU
		Release|Any CPU = Release|Any CPU
	EndGlobalSection
	GlobalSection(ProjectConfigurationPlatforms) = postSolution
		{FBC5C351-A16D-4568-813B-6265DEFDE565}.Debug|Any CPU.ActiveCfg = Debug|Any CPU
		{FBC5C351-A16D-4568-813B-6265DEFDE565}.Debug|Any CPU.Build.0 = Debug|Any CPU
		{FBC5C351-A16D-4568-813B-6265DEFDE565}.Release|Any CPU.ActiveCfg = Release|Any CPU
		{FBC5C351-A16D-4568-813B-6265DEFDE565}.Release|Any CPU.Build.0 = Release|Any CPU
		{FACCD983-313A-4CC0-816F-60016C2CF4DB}.Debug|Any CPU.ActiveCfg = Debug|Any CPU
		{FACCD983-313A-4CC0-816F-60016C2CF4DB}.Debug|Any CPU.Build.0 = Debug|Any CPU
		{FACCD983-313A-4CC0-816F-60016C2CF4DB}.Release|Any CPU.ActiveCfg = Release|Any CPU
		{FACCD983-313A-4CC0-816F-60016C2CF4DB}.Release|Any CPU.Build.0 = Release|Any CPU
	EndGlobalSection
	GlobalSection(SolutionProperties) = preSolution
		HideSolutionNode = FALSE
	EndGlobalSection
EndGlobal
